{
  "name": "app",
  "version": "1.0.0",
  "lockfileVersion": 2,
  "requires": true,
  "packages": {
    "": {
      "name": "app",
      "version": "1.0.0",
      "license": "ISC",
      "dependencies": {
        "lib": "file:../lib"
      }
    },
    "../lib": {
      "version": "1.0.0",
      "license": "ISC"
    },
    "node_modules/lib": {
      "resolved": "../lib",
      "link": true
    }
  },
  "dependencies": {
    "lib": {
      "version": "file:../lib"
    }
  }
}
